
Microsoft Visual Studio Solution File, Format Version 12.00
Project("{FAE04EC0-301F-11D3-BF4B-00C04F79EFBC}") = "RealEstateSystem", "RealEstateSystem\RealEstateSystem.csproj", "{334B0ED3-CF86-49F8-9BB4-610315D3F00E}"
EndProject
Global
	GlobalSection(SolutionConfigurationPlatforms) = preSolution
		Debug|Any CPU = Debug|Any CPU
		Release|Any CPU = Release|Any CPU
	EndGlobalSection
	GlobalSection(ProjectConfigurationPlatforms) = postSolution
		{334B0ED3-CF86-49F8-9BB4-610315D3F00E}.Debug|Any CPU.ActiveCfg = Debug|Any CPU
		{334B0ED3-CF86-49F8-9BB4-610315D3F00E}.Debug|Any CPU.Build.0 = Debug|Any CPU
		{334B0ED3-CF86-49F8-9BB4-610315D3F00E}.Release|Any CPU.ActiveCfg = Release|Any CPU
		{334B0ED3-CF86-49F8-9BB4-610315D3F00E}.Release|Any CPU.Build.0 = Release|Any CPU
	EndGlobalSection
EndGlobal
